
Microsoft Visual Studio Solution File, Format Version 12.00
# Visual Studio Version 16
VisualStudioVersion = 16.0.30128.74
MinimumVisualStudioVersion = 10.0.40219.1
Project("{FAE04EC0-301F-11D3-BF4B-00C04F79EFBC}") = "FCTVisualStudio1", "FCTVisualStudio1\FCTVisualStudio1.csproj", "{3F3919EB-83B9-4D18-A9C9-C06B70273144}"
EndProject
Global
	GlobalSection(SolutionConfigurationPlatforms) = preSolution
		Debug|Any CPU = Debug|Any CPU
		Release|Any CPU = Release|Any CPU
	EndGlobalSection
	GlobalSection(ProjectConfigurationPlatforms) = postSolution
		{3F3919EB-83B9-4D18-A9C9-C06B70273144}.Debug|Any CPU.ActiveCfg = Debug|Any CPU
		{3F3919EB-83B9-4D18-A9C9-C06B70273144}.Debug|Any CPU.Build.0 = Debug|Any CPU
		{3F3919EB-83B9-4D18-A9C9-C06B70273144}.Release|Any CPU.ActiveCfg = Release|Any CPU
		{3F3919EB-83B9-4D18-A9C9-C06B70273144}.Release|Any CPU.Build.0 = Release|Any CPU
	EndGlobalSection
	GlobalSection(SolutionProperties) = preSolution
		HideSolutionNode = FALSE
	EndGlobalSection
	GlobalSection(ExtensibilityGlobals) = postSolution
		SolutionGuid = {E2C82D7E-E3A3-4F5D-A422-A4CB24B7A895}
	EndGlobalSection
EndGlobal
